
Microsoft Visual Studio Solution File, Format Version 12.00
# Visual Studio Version 17
VisualStudioVersion = 17.14.36603.0 d17.14
MinimumVisualStudioVersion = 10.0.40219.1
Project("{FAE04EC0-301F-11D3-BF4B-00C04F79EFBC}") = "Domain", "Domain\Domain.csproj", "{BE68FED2-B2BD-48BA-94AE-1B83A0836AC0}"
EndProject
Project("{FAE04EC0-301F-11D3-BF4B-00C04F79EFBC}") = "Application", "Application\Application.csproj", "{5CB51A11-B17C-443C-A7F8-38CD630FC9F4}"
EndProject
Project("{FAE04EC0-301F-11D3-BF4B-00C04F79EFBC}") = "Infraestructure", "Infraestructure\Infraestructure.csproj", "{84FC652E-6FDA-471B-A111-9FD48F3F520F}"
EndProject
Project("{FAE04EC0-301F-11D3-BF4B-00C04F79EFBC}") = "WebAPI", "WebAPI\WebAPI.csproj", "{7FF2A7CC-9199-4D15-8E61-04152FE25284}"
EndProject
Global
	GlobalSection(SolutionConfigurationPlatforms) = preSolution
		Debug|Any CPU = Debug|Any CPU
		Release|Any CPU = Release|Any CPU
	EndGlobalSection
	GlobalSection(ProjectConfigurationPlatforms) = postSolution
		{BE68FED2-B2BD-48BA-94AE-1B83A0836AC0}.Debug|Any CPU.ActiveCfg = Debug|Any CPU
		{BE68FED2-B2BD-48BA-94AE-1B83A0836AC0}.Debug|Any CPU.Build.0 = Debug|Any CPU
		{BE68FED2-B2BD-48BA-94AE-1B83A0836AC0}.Release|Any CPU.ActiveCfg = Release|Any CPU
		{BE68FED2-B2BD-48BA-94AE-1B83A0836AC0}.Release|Any CPU.Build.0 = Release|Any CPU
		{5CB51A11-B17C-443C-A7F8-38CD630FC9F4}.Debug|Any CPU.ActiveCfg = Debug|Any CPU
		{5CB51A11-B17C-443C-A7F8-38CD630FC9F4}.Debug|Any CPU.Build.0 = Debug|Any CPU
		{5CB51A11-B17C-443C-A7F8-38CD630FC9F4}.Release|Any CPU.ActiveCfg = Release|Any CPU
		{5CB51A11-B17C-443C-A7F8-38CD630FC9F4}.Release|Any CPU.Build.0 = Release|Any CPU
		{84FC652E-6FDA-471B-A111-9FD48F3F520F}.Debug|Any CPU.ActiveCfg = Debug|Any CPU
		{84FC652E-6FDA-471B-A111-9FD48F3F520F}.Debug|Any CPU.Build.0 = Debug|Any CPU
		{84FC652E-6FDA-471B-A111-9FD48F3F520F}.Release|Any CPU.ActiveCfg = Release|Any CPU
		{84FC652E-6FDA-471B-A111-9FD48F3F520F}.Release|Any CPU.Build.0 = Release|Any CPU
		{7FF2A7CC-9199-4D15-8E61-04152FE25284}.Debug|Any CPU.ActiveCfg = Debug|Any CPU
		{7FF2A7CC-9199-4D15-8E61-04152FE25284}.Debug|Any CPU.Build.0 = Debug|Any CPU
		{7FF2A7CC-9199-4D15-8E61-04152FE25284}.Release|Any CPU.ActiveCfg = Release|Any CPU
		{7FF2A7CC-9199-4D15-8E61-04152FE25284}.Release|Any CPU.Build.0 = Release|Any CPU
	EndGlobalSection
	GlobalSection(SolutionProperties) = preSolution
		HideSolutionNode = FALSE
	EndGlobalSection
	GlobalSection(ExtensibilityGlobals) = postSolution
		SolutionGuid = {8F6490AA-1714-4A0D-8602-5DEE91D63116}
	EndGlobalSection
EndGlobal
